{
  "version": 4,
  "terraform_version": "0.12.14",
  "serial": 66,
  "lineage": "ff7c03a6-e2eb-86a3-01ea-60dd2eb195c0",
  "outputs": {},
  "resources": [
    {
      "mode": "data",
      "type": "aws_availability_zones",
      "name": "azs",
      "provider": "provider.aws",
      "instances": [
        {
          "schema_version": 0,
          "attributes": {
            "blacklisted_names": null,
            "blacklisted_zone_ids": null,
            "id": "2019-11-21 04:34:28.7070535 +0000 UTC",
            "names": [
              "ap-south-1a",
              "ap-south-1b",
              "ap-south-1c"
            ],
            "state": "available",
            "zone_ids": [
              "aps1-az1",
              "aps1-az3",
              "aps1-az2"
            ]
          }
        }
      ]
    },
    {
      "mode": "managed",
      "type": "aws_eip",
      "name": "nat",
      "provider": "provider.aws",
      "instances": [
        {
          "schema_version": 0,
          "attributes": {
            "allocation_id": null,
            "associate_with_private_ip": null,
            "association_id": "eipassoc-7cd75e80",
            "domain": "vpc",
            "id": "eipalloc-00378babc04fcd487",
            "instance": "",
            "network_interface": "eni-0b2d68e487510152a",
            "private_dns": "ip-10-0-3-83.ap-south-1.compute.internal",
            "private_ip": "10.0.3.83",
            "public_dns": "ec2-13-234-237-117.ap-south-1.compute.amazonaws.com",
            "public_ip": "13.234.237.117",
            "public_ipv4_pool": "amazon",
            "tags": {},
            "timeouts": null,
            "vpc": true
          },
          "private": "eyJlMmJmYjczMC1lY2FhLTExZTYtOGY4OC0zNDM2M2JjN2M0YzAiOnsiZGVsZXRlIjoxODAwMDAwMDAwMDAsInJlYWQiOjkwMDAwMDAwMDAwMCwidXBkYXRlIjozMDAwMDAwMDAwMDB9fQ=="
        }
      ]
    },
    {
      "mode": "managed",
      "type": "aws_internet_gateway",
      "name": "gw",
      "provider": "provider.aws",
      "instances": [
        {
          "schema_version": 0,
          "attributes": {
            "id": "igw-030875920fd5445bb",
            "owner_id": "184650892765",
            "tags": {
              "Name": "JavaHomeGW"
            },
            "vpc_id": "vpc-0bb635471221cb24d"
          },
          "private": "bnVsbA==",
          "dependencies": [
            "aws_vpc.myapp"
          ]
        }
      ]
    },
    {
      "mode": "managed",
      "type": "aws_nat_gateway",
      "name": "ngw",
      "provider": "provider.aws",
      "instances": [
        {
          "schema_version": 0,
          "attributes": {
            "allocation_id": "eipalloc-00378babc04fcd487",
            "id": "nat-0ce5f679661255d8a",
            "network_interface_id": "eni-0b2d68e487510152a",
            "private_ip": "10.0.3.83",
            "public_ip": "13.234.237.117",
            "subnet_id": "subnet-029057162975856f0",
            "tags": {}
          },
          "private": "bnVsbA==",
          "dependencies": [
            "aws_eip.nat",
            "aws_subnet.public",
            "aws_vpc.myapp"
          ]
        }
      ]
    },
    {
      "mode": "managed",
      "type": "aws_route_table",
      "name": "pr",
      "provider": "provider.aws",
      "instances": [
        {
          "schema_version": 0,
          "attributes": {
            "id": "rtb-099570f85edb28205",
            "owner_id": "184650892765",
            "propagating_vgws": [],
            "route": [
              {
                "cidr_block": "0.0.0.0/0",
                "egress_only_gateway_id": "",
                "gateway_id": "nat-0ce5f679661255d8a",
                "instance_id": "",
                "ipv6_cidr_block": "",
                "nat_gateway_id": "",
                "network_interface_id": "",
                "transit_gateway_id": "",
                "vpc_peering_connection_id": ""
              }
            ],
            "tags": {
              "Name": "PrivateRouteTable"
            },
            "vpc_id": "vpc-0bb635471221cb24d"
          },
          "private": "bnVsbA==",
          "dependencies": [
            "aws_nat_gateway.ngw",
            "aws_vpc.myapp"
          ]
        }
      ]
    },
    {
      "mode": "managed",
      "type": "aws_route_table",
      "name": "r",
      "provider": "provider.aws",
      "instances": [
        {
          "schema_version": 0,
          "attributes": {
            "id": "rtb-087de67f07e2ecb90",
            "owner_id": "184650892765",
            "propagating_vgws": [],
            "route": [
              {
                "cidr_block": "0.0.0.0/0",
                "egress_only_gateway_id": "",
                "gateway_id": "igw-030875920fd5445bb",
                "instance_id": "",
                "ipv6_cidr_block": "",
                "nat_gateway_id": "",
                "network_interface_id": "",
                "transit_gateway_id": "",
                "vpc_peering_connection_id": ""
              }
            ],
            "tags": {
              "Name": "PublicRouteTable"
            },
            "vpc_id": "vpc-0bb635471221cb24d"
          },
          "private": "bnVsbA==",
          "dependencies": [
            "aws_internet_gateway.gw",
            "aws_vpc.myapp"
          ]
        }
      ]
    },
    {
      "mode": "managed",
      "type": "aws_route_table_association",
      "name": "a",
      "each": "list",
      "provider": "provider.aws",
      "instances": [
        {
          "index_key": 0,
          "schema_version": 0,
          "attributes": {
            "id": "rtbassoc-0144a5ea965c41acd",
            "route_table_id": "rtb-087de67f07e2ecb90",
            "subnet_id": "subnet-029057162975856f0"
          },
          "private": "bnVsbA==",
          "dependencies": [
            "aws_internet_gateway.gw",
            "aws_route_table.r",
            "aws_subnet.public",
            "aws_vpc.myapp"
          ]
        },
        {
          "index_key": 1,
          "schema_version": 0,
          "attributes": {
            "id": "rtbassoc-0f8433ec93f4de393",
            "route_table_id": "rtb-087de67f07e2ecb90",
            "subnet_id": "subnet-05dec0ed0b41bd3b7"
          },
          "private": "bnVsbA==",
          "dependencies": [
            "aws_internet_gateway.gw",
            "aws_route_table.r",
            "aws_subnet.public",
            "aws_vpc.myapp"
          ]
        },
        {
          "index_key": 2,
          "schema_version": 0,
          "attributes": {
            "id": "rtbassoc-05bd5c1216829e227",
            "route_table_id": "rtb-087de67f07e2ecb90",
            "subnet_id": "subnet-0a5236696fc160ebf"
          },
          "private": "bnVsbA==",
          "dependencies": [
            "aws_internet_gateway.gw",
            "aws_route_table.r",
            "aws_subnet.public",
            "aws_vpc.myapp"
          ]
        }
      ]
    },
    {
      "mode": "managed",
      "type": "aws_route_table_association",
      "name": "b",
      "each": "list",
      "provider": "provider.aws",
      "instances": [
        {
          "index_key": 0,
          "schema_version": 0,
          "attributes": {
            "id": "rtbassoc-00d30d11a9484c308",
            "route_table_id": "rtb-099570f85edb28205",
            "subnet_id": "subnet-0a75c85c2050c18af"
          },
          "private": "bnVsbA==",
          "dependencies": [
            "aws_eip.nat",
            "aws_nat_gateway.ngw",
            "aws_route_table.pr",
            "aws_subnet.private",
            "aws_subnet.public",
            "aws_vpc.myapp"
          ]
        },
        {
          "index_key": 1,
          "schema_version": 0,
          "attributes": {
            "id": "rtbassoc-0bbdebce40b70b3b3",
            "route_table_id": "rtb-099570f85edb28205",
            "subnet_id": "subnet-0b567fefbfd1dba6f"
          },
          "private": "bnVsbA==",
          "dependencies": [
            "aws_nat_gateway.ngw",
            "aws_route_table.pr",
            "aws_subnet.private",
            "aws_vpc.myapp"
          ]
        },
        {
          "index_key": 2,
          "schema_version": 0,
          "attributes": {
            "id": "rtbassoc-0b782d21e0a461788",
            "route_table_id": "rtb-099570f85edb28205",
            "subnet_id": "subnet-073ab2b896ff8ca99"
          },
          "private": "bnVsbA==",
          "dependencies": [
            "aws_eip.nat",
            "aws_nat_gateway.ngw",
            "aws_route_table.pr",
            "aws_subnet.private",
            "aws_subnet.public",
            "aws_vpc.myapp"
          ]
        }
      ]
    },
    {
      "mode": "managed",
      "type": "aws_subnet",
      "name": "private",
      "each": "list",
      "provider": "provider.aws",
      "instances": [
        {
          "index_key": 0,
          "schema_version": 1,
          "attributes": {
            "arn": "arn:aws:ec2:ap-south-1:184650892765:subnet/subnet-0a75c85c2050c18af",
            "assign_ipv6_address_on_creation": false,
            "availability_zone": "ap-south-1a",
            "availability_zone_id": "aps1-az1",
            "cidr_block": "10.0.0.0/24",
            "id": "subnet-0a75c85c2050c18af",
            "ipv6_cidr_block": "",
            "ipv6_cidr_block_association_id": "",
            "map_public_ip_on_launch": false,
            "owner_id": "184650892765",
            "tags": {
              "Name": "PrivateSubnet-1a"
            },
            "timeouts": null,
            "vpc_id": "vpc-0bb635471221cb24d"
          },
          "private": "eyJlMmJmYjczMC1lY2FhLTExZTYtOGY4OC0zNDM2M2JjN2M0YzAiOnsiY3JlYXRlIjo2MDAwMDAwMDAwMDAsImRlbGV0ZSI6MTIwMDAwMDAwMDAwMH0sInNjaGVtYV92ZXJzaW9uIjoiMSJ9",
          "dependencies": [
            "aws_vpc.myapp"
          ]
        },
        {
          "index_key": 1,
          "schema_version": 1,
          "attributes": {
            "arn": "arn:aws:ec2:ap-south-1:184650892765:subnet/subnet-0b567fefbfd1dba6f",
            "assign_ipv6_address_on_creation": false,
            "availability_zone": "ap-south-1b",
            "availability_zone_id": "aps1-az3",
            "cidr_block": "10.0.1.0/24",
            "id": "subnet-0b567fefbfd1dba6f",
            "ipv6_cidr_block": "",
            "ipv6_cidr_block_association_id": "",
            "map_public_ip_on_launch": false,
            "owner_id": "184650892765",
            "tags": {
              "Name": "PrivateSubnet-1b"
            },
            "timeouts": null,
            "vpc_id": "vpc-0bb635471221cb24d"
          },
          "private": "eyJlMmJmYjczMC1lY2FhLTExZTYtOGY4OC0zNDM2M2JjN2M0YzAiOnsiY3JlYXRlIjo2MDAwMDAwMDAwMDAsImRlbGV0ZSI6MTIwMDAwMDAwMDAwMH0sInNjaGVtYV92ZXJzaW9uIjoiMSJ9",
          "dependencies": [
            "aws_vpc.myapp"
          ]
        },
        {
          "index_key": 2,
          "schema_version": 1,
          "attributes": {
            "arn": "arn:aws:ec2:ap-south-1:184650892765:subnet/subnet-073ab2b896ff8ca99",
            "assign_ipv6_address_on_creation": false,
            "availability_zone": "ap-south-1c",
            "availability_zone_id": "aps1-az2",
            "cidr_block": "10.0.2.0/24",
            "id": "subnet-073ab2b896ff8ca99",
            "ipv6_cidr_block": "",
            "ipv6_cidr_block_association_id": "",
            "map_public_ip_on_launch": false,
            "owner_id": "184650892765",
            "tags": {
              "Name": "PrivateSubnet-1c"
            },
            "timeouts": null,
            "vpc_id": "vpc-0bb635471221cb24d"
          },
          "private": "eyJlMmJmYjczMC1lY2FhLTExZTYtOGY4OC0zNDM2M2JjN2M0YzAiOnsiY3JlYXRlIjo2MDAwMDAwMDAwMDAsImRlbGV0ZSI6MTIwMDAwMDAwMDAwMH0sInNjaGVtYV92ZXJzaW9uIjoiMSJ9",
          "dependencies": [
            "aws_vpc.myapp"
          ]
        }
      ]
    },
    {
      "mode": "managed",
      "type": "aws_subnet",
      "name": "public",
      "each": "list",
      "provider": "provider.aws",
      "instances": [
        {
          "index_key": 0,
          "schema_version": 1,
          "attributes": {
            "arn": "arn:aws:ec2:ap-south-1:184650892765:subnet/subnet-029057162975856f0",
            "assign_ipv6_address_on_creation": false,
            "availability_zone": "ap-south-1a",
            "availability_zone_id": "aps1-az1",
            "cidr_block": "10.0.3.0/24",
            "id": "subnet-029057162975856f0",
            "ipv6_cidr_block": "",
            "ipv6_cidr_block_association_id": "",
            "map_public_ip_on_launch": false,
            "owner_id": "184650892765",
            "tags": {
              "Name": "PublicSubnet-1a"
            },
            "timeouts": null,
            "vpc_id": "vpc-0bb635471221cb24d"
          },
          "private": "eyJlMmJmYjczMC1lY2FhLTExZTYtOGY4OC0zNDM2M2JjN2M0YzAiOnsiY3JlYXRlIjo2MDAwMDAwMDAwMDAsImRlbGV0ZSI6MTIwMDAwMDAwMDAwMH0sInNjaGVtYV92ZXJzaW9uIjoiMSJ9",
          "dependencies": [
            "aws_vpc.myapp"
          ]
        },
        {
          "index_key": 1,
          "schema_version": 1,
          "attributes": {
            "arn": "arn:aws:ec2:ap-south-1:184650892765:subnet/subnet-05dec0ed0b41bd3b7",
            "assign_ipv6_address_on_creation": false,
            "availability_zone": "ap-south-1b",
            "availability_zone_id": "aps1-az3",
            "cidr_block": "10.0.4.0/24",
            "id": "subnet-05dec0ed0b41bd3b7",
            "ipv6_cidr_block": "",
            "ipv6_cidr_block_association_id": "",
            "map_public_ip_on_launch": false,
            "owner_id": "184650892765",
            "tags": {
              "Name": "PublicSubnet-1b"
            },
            "timeouts": null,
            "vpc_id": "vpc-0bb635471221cb24d"
          },
          "private": "eyJlMmJmYjczMC1lY2FhLTExZTYtOGY4OC0zNDM2M2JjN2M0YzAiOnsiY3JlYXRlIjo2MDAwMDAwMDAwMDAsImRlbGV0ZSI6MTIwMDAwMDAwMDAwMH0sInNjaGVtYV92ZXJzaW9uIjoiMSJ9",
          "dependencies": [
            "aws_vpc.myapp"
          ]
        },
        {
          "index_key": 2,
          "schema_version": 1,
          "attributes": {
            "arn": "arn:aws:ec2:ap-south-1:184650892765:subnet/subnet-0a5236696fc160ebf",
            "assign_ipv6_address_on_creation": false,
            "availability_zone": "ap-south-1c",
            "availability_zone_id": "aps1-az2",
            "cidr_block": "10.0.5.0/24",
            "id": "subnet-0a5236696fc160ebf",
            "ipv6_cidr_block": "",
            "ipv6_cidr_block_association_id": "",
            "map_public_ip_on_launch": false,
            "owner_id": "184650892765",
            "tags": {
              "Name": "PublicSubnet-1c"
            },
            "timeouts": null,
            "vpc_id": "vpc-0bb635471221cb24d"
          },
          "private": "eyJlMmJmYjczMC1lY2FhLTExZTYtOGY4OC0zNDM2M2JjN2M0YzAiOnsiY3JlYXRlIjo2MDAwMDAwMDAwMDAsImRlbGV0ZSI6MTIwMDAwMDAwMDAwMH0sInNjaGVtYV92ZXJzaW9uIjoiMSJ9",
          "dependencies": [
            "aws_vpc.myapp"
          ]
        }
      ]
    },
    {
      "mode": "managed",
      "type": "aws_vpc",
      "name": "myapp",
      "provider": "provider.aws",
      "instances": [
        {
          "schema_version": 1,
          "attributes": {
            "arn": "arn:aws:ec2:ap-south-1:184650892765:vpc/vpc-0bb635471221cb24d",
            "assign_generated_ipv6_cidr_block": false,
            "cidr_block": "10.0.0.0/16",
            "default_network_acl_id": "acl-0072408f1695d3bbe",
            "default_route_table_id": "rtb-01bd87445664723fc",
            "default_security_group_id": "sg-0781f1266b206e118",
            "dhcp_options_id": "dopt-2356b148",
            "enable_classiclink": null,
            "enable_classiclink_dns_support": null,
            "enable_dns_hostnames": false,
            "enable_dns_support": true,
            "id": "vpc-0bb635471221cb24d",
            "instance_tenancy": "default",
            "ipv6_association_id": "",
            "ipv6_cidr_block": "",
            "main_route_table_id": "rtb-01bd87445664723fc",
            "owner_id": "184650892765",
            "tags": {
              "Batch": "930AM",
              "Name": "JavaHomeVPC",
              "Year": "2019"
            }
          },
          "private": "eyJzY2hlbWFfdmVyc2lvbiI6IjEifQ=="
        }
      ]
    }
  ]
}
